{
  "name": "rollup-plugin-stats-package-test",
  "version": "1.0.0",
  "lockfileVersion": 3,
  "requires": true,
  "packages": {
    "": {
      "name": "rollup-plugin-stats-package-test",
      "version": "1.0.0",
      "license": "ISC",
      "devDependencies": {
        "rollup": "^4.9.1",
        "rollup-plugin-stats": "../../"
      }
    },
    "../..": {
      "version": "1.2.2",
      "dev": true,
      "license": "MIT",
      "devDependencies": {
        "@eslint/js": "^9.17.0",
        "@release-it/conventional-changelog": "10.0.0",
        "@rollup/plugin-typescript": "^12.1.2",
        "@tsconfig/node18": "^18.2.4",
        "@types/lodash": "^4.17.13",
        "@types/node": "^22.10.2",
        "dotenv": "^16.4.7",
        "eslint": "^9.17.0",
        "globals": "^15.14.0",
        "husky": "^8.0.3",
        "memfs": "^4.15.1",
        "prettier": "^3.4.2",
        "release-it": "18.0.0",
        "rollup": "^4.29.1",
        "typescript": "^5.7.2",
        "typescript-eslint": "^8.18.2",
        "vitest": "^2.1.8"
      },
      "engines": {
        "node": ">=18"
      },
      "peerDependencies": {
        "rollup": "^3.0.0 || ^4.0.0"
      }
    },
    "node_modules/@rollup/rollup-darwin-arm64": {
      "version": "4.9.1",
      "cpu": [
        "arm64"
      ],
      "dev": true,
      "license": "MIT",
      "optional": true,
      "os": [
        "darwin"
      ]
    },
    "node_modules/fsevents": {
      "version": "2.3.3",
      "dev": true,
      "license": "MIT",
      "optional": true,
      "os": [
        "darwin"
      ],
      "engines": {
        "node": "^8.16.0 || ^10.6.0 || >=11.0.0"
      }
    },
    "node_modules/rollup": {
      "version": "4.9.1",
      "dev": true,
      "license": "MIT",
      "bin": {
        "rollup": "dist/bin/rollup"
      },
      "engines": {
        "node": ">=18.0.0",
        "npm": ">=8.0.0"
      },
      "optionalDependencies": {
        "@rollup/rollup-android-arm-eabi": "4.9.1",
        "@rollup/rollup-android-arm64": "4.9.1",
        "@rollup/rollup-darwin-arm64": "4.9.1",
        "@rollup/rollup-darwin-x64": "4.9.1",
        "@rollup/rollup-linux-arm-gnueabihf": "4.9.1",
        "@rollup/rollup-linux-arm64-gnu": "4.9.1",
        "@rollup/rollup-linux-arm64-musl": "4.9.1",
        "@rollup/rollup-linux-riscv64-gnu": "4.9.1",
        "@rollup/rollup-linux-x64-gnu": "4.9.1",
        "@rollup/rollup-linux-x64-musl": "4.9.1",
        "@rollup/rollup-win32-arm64-msvc": "4.9.1",
        "@rollup/rollup-win32-ia32-msvc": "4.9.1",
        "@rollup/rollup-win32-x64-msvc": "4.9.1",
        "fsevents": "~2.3.2"
      }
    },
    "node_modules/rollup-plugin-stats": {
      "resolved": "../..",
      "link": true
    }
  }
}
